
Microsoft Visual Studio Solution File, Format Version 12.00
# Visual Studio 15
VisualStudioVersion = 15.0.28307.902
MinimumVisualStudioVersion = 10.0.40219.1
Project("{2150E333-8FDC-42A3-9474-1A3956D46DE8}") = "Application", "Application", "{B917BE7F-1F2D-4F59-86FC-F7B455D60C9A}"
EndProject
Project("{2150E333-8FDC-42A3-9474-1A3956D46DE8}") = "Domain", "Domain", "{971156F9-0D84-406A-9975-63A83923913E}"
EndProject
Project("{2150E333-8FDC-42A3-9474-1A3956D46DE8}") = "Infra.IoC", "Infra.IoC", "{1AA77DE1-86D1-447E-AF8B-DFDA350076EA}"
EndProject
Project("{2150E333-8FDC-42A3-9474-1A3956D46DE8}") = "Infra.Data", "Infra.Data", "{3F424E94-C27B-4E96-BB36-1FDAA400699D}"
EndProject
Project("{2150E333-8FDC-42A3-9474-1A3956D46DE8}") = "Presentation", "Presentation", "{59F5DC37-8B0E-47CE-BEA2-88CC70D95FDC}"
EndProject
Project("{9A19103F-16F7-4668-BE54-9A1E7A4F7556}") = "CleanArch.WebAPI", "CleanArch.WebAPI\CleanArch.WebAPI.csproj", "{A069C35F-52F3-42DB-99C8-8DE00CF6031C}"
EndProject
Project("{9A19103F-16F7-4668-BE54-9A1E7A4F7556}") = "CleanArch.Domain", "CleanArch.Domain\CleanArch.Domain.csproj", "{00BBA141-58EC-4DF5-AED7-531B26117B6D}"
EndProject
Project("{9A19103F-16F7-4668-BE54-9A1E7A4F7556}") = "CleanArch.Infra.Data", "CleanArch.Infra.Data\CleanArch.Infra.Data.csproj", "{DD37DCB4-BFAA-4196-9602-EDE7F285ADE1}"
	ProjectSection(ProjectDependencies) = postProject
		{00BBA141-58EC-4DF5-AED7-531B26117B6D} = {00BBA141-58EC-4DF5-AED7-531B26117B6D}
	EndProjectSection
EndProject
Project("{FAE04EC0-301F-11D3-BF4B-00C04F79EFBC}") = "CleanArch.Application", "CleanArch.Application\CleanArch.Application.csproj", "{83C637E9-C3D9-4EB6-8271-5FC70A671D18}"
EndProject
Global
	GlobalSection(SolutionConfigurationPlatforms) = preSolution
		Debug|Any CPU = Debug|Any CPU
		Release|Any CPU = Release|Any CPU
	EndGlobalSection
	GlobalSection(ProjectConfigurationPlatforms) = postSolution
		{A069C35F-52F3-42DB-99C8-8DE00CF6031C}.Debug|Any CPU.ActiveCfg = Debug|Any CPU
		{A069C35F-52F3-42DB-99C8-8DE00CF6031C}.Debug|Any CPU.Build.0 = Debug|Any CPU
		{A069C35F-52F3-42DB-99C8-8DE00CF6031C}.Release|Any CPU.ActiveCfg = Release|Any CPU
		{A069C35F-52F3-42DB-99C8-8DE00CF6031C}.Release|Any CPU.Build.0 = Release|Any CPU
		{00BBA141-58EC-4DF5-AED7-531B26117B6D}.Debug|Any CPU.ActiveCfg = Debug|Any CPU
		{00BBA141-58EC-4DF5-AED7-531B26117B6D}.Debug|Any CPU.Build.0 = Debug|Any CPU
		{00BBA141-58EC-4DF5-AED7-531B26117B6D}.Release|Any CPU.ActiveCfg = Release|Any CPU
		{00BBA141-58EC-4DF5-AED7-531B26117B6D}.Release|Any CPU.Build.0 = Release|Any CPU
		{DD37DCB4-BFAA-4196-9602-EDE7F285ADE1}.Debug|Any CPU.ActiveCfg = Debug|Any CPU
		{DD37DCB4-BFAA-4196-9602-EDE7F285ADE1}.Debug|Any CPU.Build.0 = Debug|Any CPU
		{DD37DCB4-BFAA-4196-9602-EDE7F285ADE1}.Release|Any CPU.ActiveCfg = Release|Any CPU
		{DD37DCB4-BFAA-4196-9602-EDE7F285ADE1}.Release|Any CPU.Build.0 = Release|Any CPU
		{83C637E9-C3D9-4EB6-8271-5FC70A671D18}.Debug|Any CPU.ActiveCfg = Debug|Any CPU
		{83C637E9-C3D9-4EB6-8271-5FC70A671D18}.Debug|Any CPU.Build.0 = Debug|Any CPU
		{83C637E9-C3D9-4EB6-8271-5FC70A671D18}.Release|Any CPU.ActiveCfg = Release|Any CPU
		{83C637E9-C3D9-4EB6-8271-5FC70A671D18}.Release|Any CPU.Build.0 = Release|Any CPU
	EndGlobalSection
	GlobalSection(SolutionProperties) = preSolution
		HideSolutionNode = FALSE
	EndGlobalSection
	GlobalSection(NestedProjects) = preSolution
		{A069C35F-52F3-42DB-99C8-8DE00CF6031C} = {59F5DC37-8B0E-47CE-BEA2-88CC70D95FDC}
		{00BBA141-58EC-4DF5-AED7-531B26117B6D} = {971156F9-0D84-406A-9975-63A83923913E}
		{DD37DCB4-BFAA-4196-9602-EDE7F285ADE1} = {3F424E94-C27B-4E96-BB36-1FDAA400699D}
		{83C637E9-C3D9-4EB6-8271-5FC70A671D18} = {B917BE7F-1F2D-4F59-86FC-F7B455D60C9A}
	EndGlobalSection
	GlobalSection(ExtensibilityGlobals) = postSolution
		SolutionGuid = {4A33B12C-0DE7-4238-9FCB-FB0DA47031F0}
	EndGlobalSection
EndGlobal
